
Microsoft Visual Studio Solution File, Format Version 12.00
Project("{FAE04EC0-301F-11D3-BF4B-00C04F79EFBC}") = "PLS_WORK", "PLS_WORK.csproj", "{5E8BE913-C925-4D77-856E-1EC52EDBD05A}"
EndProject
Global
	GlobalSection(SolutionConfigurationPlatforms) = preSolution
		Debug|Any CPU = Debug|Any CPU
		Release|Any CPU = Release|Any CPU
	EndGlobalSection
	GlobalSection(ProjectConfigurationPlatforms) = postSolution
		{5E8BE913-C925-4D77-856E-1EC52EDBD05A}.Debug|Any CPU.ActiveCfg = Debug|Any CPU
		{5E8BE913-C925-4D77-856E-1EC52EDBD05A}.Debug|Any CPU.Build.0 = Debug|Any CPU
		{5E8BE913-C925-4D77-856E-1EC52EDBD05A}.Release|Any CPU.ActiveCfg = Release|Any CPU
		{5E8BE913-C925-4D77-856E-1EC52EDBD05A}.Release|Any CPU.Build.0 = Release|Any CPU
	EndGlobalSection
EndGlobal
